// !$*UTF8*$!
{
	archiveVersion = 1;
	classes = {
	};
	objectVersion = 56;
	objects = {

/* Begin PBXBuildFile section */
		A20CC5442A39EFA500F669B7 /* AppDelegate.swift in Sources */ = {isa = PBXBuildFile; fileRef = A20CC5432A39EFA500F669B7 /* AppDelegate.swift */; };
		A20CC5462A39EFA500F669B7 /* SceneDelegate.swift in Sources */ = {isa = PBXBuildFile; fileRef = A20CC5452A39EFA500F669B7 /* SceneDelegate.swift */; };
		A20CC5482A39EFA500F669B7 /* ViewController.swift in Sources */ = {isa = PBXBuildFile; fileRef = A20CC5472A39EFA500F669B7 /* ViewController.swift */; };
		A20CC54B2A39EFA500F669B7 /* Main.storyboard in Resources */ = {isa = PBXBuildFile; fileRef = A20CC5492A39EFA500F669B7 /* Main.storyboard */; };
		A20CC54D2A39EFA600F669B7 /* Assets.xcassets in Resources */ = {isa = PBXBuildFile; fileRef = A20CC54C2A39EFA600F669B7 /* Assets.xcassets */; };
		A20CC5502A39EFA600F669B7 /* LaunchScreen.storyboard in Resources */ = {isa = PBXBuildFile; fileRef = A20CC54E2A39EFA600F669B7 /* LaunchScreen.storyboard */; };
		A20CC55C2A39F08F00F669B7 /* Capture.xcframework in Frameworks */ = {isa = PBXBuildFile; fileRef = A20CC55B2A39F08F00F669B7 /* Capture.xcframework */; };
		A20CC55D2A39F08F00F669B7 /* Capture.xcframework in Embed Frameworks */ = {isa = PBXBuildFile; fileRef = A20CC55B2A39F08F00F669B7 /* Capture.xcframework */; settings = {ATTRIBUTES = (CodeSignOnCopy, RemoveHeadersOnCopy, ); }; };
		A20CC5602A39F26C00F669B7 /* ResultViewController.swift in Sources */ = {isa = PBXBuildFile; fileRef = A20CC55F2A39F26C00F669B7 /* ResultViewController.swift */; };
/* End PBXBuildFile section */

/* Begin PBXCopyFilesBuildPhase section */
		A20CC55E2A39F08F00F669B7 /* Embed Frameworks */ = {
			isa = PBXCopyFilesBuildPhase;
			buildActionMask = 2147483647;
			dstPath = "";
			dstSubfolderSpec = 10;
			files = (
				A20CC55D2A39F08F00F669B7 /* Capture.xcframework in Embed Frameworks */,
			);
			name = "Embed Frameworks";
			runOnlyForDeploymentPostprocessing = 0;
		};
/* End PBXCopyFilesBuildPhase section */

/* Begin PBXFileReference section */
		A20CC5402A39EFA500F669B7 /* Capture-Sample-Swift.app */ = {isa = PBXFileReference; explicitFileType = wrapper.application; includeInIndex = 0; path = "Capture-Sample-Swift.app"; sourceTree = BUILT_PRODUCTS_DIR; };
		A20CC5432A39EFA500F669B7 /* AppDelegate.swift */ = {isa = PBXFileReference; lastKnownFileType = sourcecode.swift; path = AppDelegate.swift; sourceTree = "<group>"; };
		A20CC5452A39EFA500F669B7 /* SceneDelegate.swift */ = {isa = PBXFileReference; lastKnownFileType = sourcecode.swift; path = SceneDelegate.swift; sourceTree = "<group>"; };
		A20CC5472A39EFA500F669B7 /* ViewController.swift */ = {isa = PBXFileReference; lastKnownFileType = sourcecode.swift; path = ViewController.swift; sourceTree = "<group>"; };
		A20CC54A2A39EFA500F669B7 /* Base */ = {isa = PBXFileReference; lastKnownFileType = file.storyboard; name = Base; path = Base.lproj/Main.storyboard; sourceTree = "<group>"; };
		A20CC54C2A39EFA600F669B7 /* Assets.xcassets */ = {isa = PBXFileReference; lastKnownFileType = folder.assetcatalog; path = Assets.xcassets; sourceTree = "<group>"; };
		A20CC54F2A39EFA600F669B7 /* Base */ = {isa = PBXFileReference; lastKnownFileType = file.storyboard; name = Base; path = Base.lproj/LaunchScreen.storyboard; sourceTree = "<group>"; };
		A20CC5512A39EFA600F669B7 /* Info.plist */ = {isa = PBXFileReference; lastKnownFileType = text.plist.xml; path = Info.plist; sourceTree = "<group>"; };
		A20CC5582A39F03F00F669B7 /* libc++.tbd */ = {isa = PBXFileReference; lastKnownFileType = "sourcecode.text-based-dylib-definition"; name = "libc++.tbd"; path = "usr/lib/libc++.tbd"; sourceTree = SDKROOT; };
		A20CC5592A39F04500F669B7 /* libiconv.tbd */ = {isa = PBXFileReference; lastKnownFileType = "sourcecode.text-based-dylib-definition"; name = libiconv.tbd; path = usr/lib/libiconv.tbd; sourceTree = SDKROOT; };
		A20CC55A2A39F04B00F669B7 /* libz.tbd */ = {isa = PBXFileReference; lastKnownFileType = "sourcecode.text-based-dylib-definition"; name = libz.tbd; path = usr/lib/libz.tbd; sourceTree = SDKROOT; };
		A20CC55B2A39F08F00F669B7 /* Capture.xcframework */ = {isa = PBXFileReference; lastKnownFileType = wrapper.xcframework; name = Capture.xcframework; path = ../../Capture.xcframework; sourceTree = "<group>"; };
		A20CC55F2A39F26C00F669B7 /* ResultViewController.swift */ = {isa = PBXFileReference; lastKnownFileType = sourcecode.swift; path = ResultViewController.swift; sourceTree = "<group>"; };
/* End PBXFileReference section */

/* Begin PBXFrameworksBuildPhase section */
		A20CC53D2A39EFA500F669B7 /* Frameworks */ = {
			isa = PBXFrameworksBuildPhase;
			buildActionMask = 2147483647;
			files = (
				A20CC55C2A39F08F00F669B7 /* Capture.xcframework in Frameworks */,
			);
			runOnlyForDeploymentPostprocessing = 0;
		};
/* End PBXFrameworksBuildPhase section */

/* Begin PBXGroup section */
		A20CC5372A39EFA500F669B7 = {
			isa = PBXGroup;
			children = (
				A20CC5422A39EFA500F669B7 /* Capture-Sample-Swift */,
				A20CC5412A39EFA500F669B7 /* Products */,
				A20CC5572A39F03F00F669B7 /* Frameworks */,
			);
			sourceTree = "<group>";
		};
		A20CC5412A39EFA500F669B7 /* Products */ = {
			isa = PBXGroup;
			children = (
				A20CC5402A39EFA500F669B7 /* Capture-Sample-Swift.app */,
			);
			name = Products;
			sourceTree = "<group>";
		};
		A20CC5422A39EFA500F669B7 /* Capture-Sample-Swift */ = {
			isa = PBXGroup;
			children = (
				A20CC5432A39EFA500F669B7 /* AppDelegate.swift */,
				A20CC5452A39EFA500F669B7 /* SceneDelegate.swift */,
				A20CC5472A39EFA500F669B7 /* ViewController.swift */,
				A20CC55F2A39F26C00F669B7 /* ResultViewController.swift */,
				A20CC5492A39EFA500F669B7 /* Main.storyboard */,
				A20CC54C2A39EFA600F669B7 /* Assets.xcassets */,
				A20CC54E2A39EFA600F669B7 /* LaunchScreen.storyboard */,
				A20CC5512A39EFA600F669B7 /* Info.plist */,
			);
			path = "Capture-Sample-Swift";
			sourceTree = "<group>";
		};
		A20CC5572A39F03F00F669B7 /* Frameworks */ = {
			isa = PBXGroup;
			children = (
				A20CC55B2A39F08F00F669B7 /* Capture.xcframework */,
				A20CC55A2A39F04B00F669B7 /* libz.tbd */,
				A20CC5592A39F04500F669B7 /* libiconv.tbd */,
				A20CC5582A39F03F00F669B7 /* libc++.tbd */,
			);
			name = Frameworks;
			sourceTree = "<group>";
		};
/* End PBXGroup section */

/* Begin PBXNativeTarget section */
		A20CC53F2A39EFA500F669B7 /* Capture-Sample-Swift */ = {
			isa = PBXNativeTarget;
			buildConfigurationList = A20CC5542A39EFA600F669B7 /* Build configuration list for PBXNativeTarget "Capture-Sample-Swift" */;
			buildPhases = (
				A20CC53C2A39EFA500F669B7 /* Sources */,
				A20CC53D2A39EFA500F669B7 /* Frameworks */,
				A20CC53E2A39EFA500F669B7 /* Resources */,
				A20CC55E2A39F08F00F669B7 /* Embed Frameworks */,
			);
			buildRules = (
			);
			dependencies = (
			);
			name = "Capture-Sample-Swift";
			productName = "Capture-Sample-Swift";
			productReference = A20CC5402A39EFA500F669B7 /* Capture-Sample-Swift.app */;
			productType = "com.apple.product-type.application";
		};
/* End PBXNativeTarget section */

/* Begin PBXProject section */
		A20CC5382A39EFA500F669B7 /* Project object */ = {
			isa = PBXProject;
			attributes = {
				BuildIndependentTargetsInParallel = 1;
				LastSwiftUpdateCheck = 1430;
				LastUpgradeCheck = 1430;
				TargetAttributes = {
					A20CC53F2A39EFA500F669B7 = {
						CreatedOnToolsVersion = 14.3.1;
					};
				};
			};
			buildConfigurationList = A20CC53B2A39EFA500F669B7 /* Build configuration list for PBXProject "Capture-Sample-Swift" */;
			compatibilityVersion = "Xcode 14.0";
			developmentRegion = en;
			hasScannedForEncodings = 0;
			knownRegions = (
				en,
				Base,
			);
			mainGroup = A20CC5372A39EFA500F669B7;
			productRefGroup = A20CC5412A39EFA500F669B7 /* Products */;
			projectDirPath = "";
			projectRoot = "";
			targets = (
				A20CC53F2A39EFA500F669B7 /* Capture-Sample-Swift */,
			);
		};
/* End PBXProject section */

/* Begin PBXResourcesBuildPhase section */
		A20CC53E2A39EFA500F669B7 /* Resources */ = {
			isa = PBXResourcesBuildPhase;
			buildActionMask = 2147483647;
			files = (
				A20CC5502A39EFA600F669B7 /* LaunchScreen.storyboard in Resources */,
				A20CC54D2A39EFA600F669B7 /* Assets.xcassets in Resources */,
				A20CC54B2A39EFA500F669B7 /* Main.storyboard in Resources */,
			);
			runOnlyForDeploymentPostprocessing = 0;
		};
/* End PBXResourcesBuildPhase section */

/* Begin PBXSourcesBuildPhase section */
		A20CC53C2A39EFA500F669B7 /* Sources */ = {
			isa = PBXSourcesBuildPhase;
			buildActionMask = 2147483647;
			files = (
				A20CC5482A39EFA500F669B7 /* ViewController.swift in Sources */,
				A20CC5442A39EFA500F669B7 /* AppDelegate.swift in Sources */,
				A20CC5462A39EFA500F669B7 /* SceneDelegate.swift in Sources */,
				A20CC5602A39F26C00F669B7 /* ResultViewController.swift in Sources */,
			);
			runOnlyForDeploymentPostprocessing = 0;
		};
/* End PBXSourcesBuildPhase section */

/* Begin PBXVariantGroup section */
		A20CC5492A39EFA500F669B7 /* Main.storyboard */ = {
			isa = PBXVariantGroup;
			children = (
				A20CC54A2A39EFA500F669B7 /* Base */,
			);
			name = Main.storyboard;
			sourceTree = "<group>";
		};
		A20CC54E2A39EFA600F669B7 /* LaunchScreen.storyboard */ = {
			isa = PBXVariantGroup;
			children = (
				A20CC54F2A39EFA600F669B7 /* Base */,
			);
			name = LaunchScreen.storyboard;
			sourceTree = "<group>";
		};
/* End PBXVariantGroup section */

/* Begin XCBuildConfiguration section */
		A20CC5522A39EFA600F669B7 /* Debug */ = {
			isa = XCBuildConfiguration;
			buildSettings = {
				ALWAYS_SEARCH_USER_PATHS = NO;
				CLANG_ANALYZER_NONNULL = YES;
				CLANG_ANALYZER_NUMBER_OBJECT_CONVERSION = YES_AGGRESSIVE;
				CLANG_CXX_LANGUAGE_STANDARD = "gnu++20";
				CLANG_ENABLE_MODULES = YES;
				CLANG_ENABLE_OBJC_ARC = YES;
				CLANG_ENABLE_OBJC_WEAK = YES;
				CLANG_WARN_BLOCK_CAPTURE_AUTORELEASING = YES;
				CLANG_WARN_BOOL_CONVERSION = YES;
				CLANG_WARN_COMMA = YES;
				CLANG_WARN_CONSTANT_CONVERSION = YES;
				CLANG_WARN_DEPRECATED_OBJC_IMPLEMENTATIONS = YES;
				CLANG_WARN_DIRECT_OBJC_ISA_USAGE = YES_ERROR;
				CLANG_WARN_DOCUMENTATION_COMMENTS = YES;
				CLANG_WARN_EMPTY_BODY = YES;
				CLANG_WARN_ENUM_CONVERSION = YES;
				CLANG_WARN_INFINITE_RECURSION = YES;
				CLANG_WARN_INT_CONVERSION = YES;
				CLANG_WARN_NON_LITERAL_NULL_CONVERSION = YES;
				CLANG_WARN_OBJC_IMPLICIT_RETAIN_SELF = YES;
				CLANG_WARN_OBJC_LITERAL_CONVERSION = YES;
				CLANG_WARN_OBJC_ROOT_CLASS = YES_ERROR;
				CLANG_WARN_QUOTED_INCLUDE_IN_FRAMEWORK_HEADER = YES;
				CLANG_WARN_RANGE_LOOP_ANALYSIS = YES;
				CLANG_WARN_STRICT_PROTOTYPES = YES;
				CLANG_WARN_SUSPICIOUS_MOVE = YES;
				CLANG_WARN_UNGUARDED_AVAILABILITY = YES_AGGRESSIVE;
				CLANG_WARN_UNREACHABLE_CODE = YES;
				CLANG_WARN__DUPLICATE_METHOD_MATCH = YES;
				COPY_PHASE_STRIP = NO;
				DEBUG_INFORMATION_FORMAT = dwarf;
				ENABLE_STRICT_OBJC_MSGSEND = YES;
				ENABLE_TESTABILITY = YES;
				GCC_C_LANGUAGE_STANDARD = gnu11;
				GCC_DYNAMIC_NO_PIC = NO;
				GCC_NO_COMMON_BLOCKS = YES;
				GCC_OPTIMIZATION_LEVEL = 0;
				GCC_PREPROCESSOR_DEFINITIONS = (
					"DEBUG=1",
					"$(inherited)",
				);
				GCC_WARN_64_TO_32_BIT_CONVERSION = YES;
				GCC_WARN_ABOUT_RETURN_TYPE = YES_ERROR;
				GCC_WARN_UNDECLARED_SELECTOR = YES;
				GCC_WARN_UNINITIALIZED_AUTOS = YES_AGGRESSIVE;
				GCC_WARN_UNUSED_FUNCTION = YES;
				GCC_WARN_UNUSED_VARIABLE = YES;
				IPHONEOS_DEPLOYMENT_TARGET = 16.4;
				MTL_ENABLE_DEBUG_INFO = INCLUDE_SOURCE;
				MTL_FAST_MATH = YES;
				ONLY_ACTIVE_ARCH = YES;
				SDKROOT = iphoneos;
				SWIFT_ACTIVE_COMPILATION_CONDITIONS = DEBUG;
				SWIFT_OPTIMIZATION_LEVEL = "-Onone";
			};
			name = Debug;
		};
		A20CC5532A39EFA600F669B7 /* Release */ = {
			isa = XCBuildConfiguration;
			buildSettings = {
				ALWAYS_SEARCH_USER_PATHS = NO;
				CLANG_ANALYZER_NONNULL = YES;
				CLANG_ANALYZER_NUMBER_OBJECT_CONVERSION = YES_AGGRESSIVE;
				CLANG_CXX_LANGUAGE_STANDARD = "gnu++20";
				CLANG_ENABLE_MODULES = YES;
				CLANG_ENABLE_OBJC_ARC = YES;
				CLANG_ENABLE_OBJC_WEAK = YES;
				CLANG_WARN_BLOCK_CAPTURE_AUTORELEASING = YES;
				CLANG_WARN_BOOL_CONVERSION = YES;
				CLANG_WARN_COMMA = YES;
				CLANG_WARN_CONSTANT_CONVERSION = YES;
				CLANG_WARN_DEPRECATED_OBJC_IMPLEMENTATIONS = YES;
				CLANG_WARN_DIRECT_OBJC_ISA_USAGE = YES_ERROR;
				CLANG_WARN_DOCUMENTATION_COMMENTS = YES;
				CLANG_WARN_EMPTY_BODY = YES;
				CLANG_WARN_ENUM_CONVERSION = YES;
				CLANG_WARN_INFINITE_RECURSION = YES;
				CLANG_WARN_INT_CONVERSION = YES;
				CLANG_WARN_NON_LITERAL_NULL_CONVERSION = YES;
				CLANG_WARN_OBJC_IMPLICIT_RETAIN_SELF = YES;
				CLANG_WARN_OBJC_LITERAL_CONVERSION = YES;
				CLANG_WARN_OBJC_ROOT_CLASS = YES_ERROR;
				CLANG_WARN_QUOTED_INCLUDE_IN_FRAMEWORK_HEADER = YES;
				CLANG_WARN_RANGE_LOOP_ANALYSIS = YES;
				CLANG_WARN_STRICT_PROTOTYPES = YES;
				CLANG_WARN_SUSPICIOUS_MOVE = YES;
				CLANG_WARN_UNGUARDED_AVAILABILITY = YES_AGGRESSIVE;
				CLANG_WARN_UNREACHABLE_CODE = YES;
				CLANG_WARN__DUPLICATE_METHOD_MATCH = YES;
				COPY_PHASE_STRIP = NO;
				DEBUG_INFORMATION_FORMAT = "dwarf-with-dsym";
				ENABLE_NS_ASSERTIONS = NO;
				ENABLE_STRICT_OBJC_MSGSEND = YES;
				GCC_C_LANGUAGE_STANDARD = gnu11;
				GCC_NO_COMMON_BLOCKS = YES;
				GCC_WARN_64_TO_32_BIT_CONVERSION = YES;
				GCC_WARN_ABOUT_RETURN_TYPE = YES_ERROR;
				GCC_WARN_UNDECLARED_SELECTOR = YES;
				GCC_WARN_UNINITIALIZED_AUTOS = YES_AGGRESSIVE;
				GCC_WARN_UNUSED_FUNCTION = YES;
				GCC_WARN_UNUSED_VARIABLE = YES;
				IPHONEOS_DEPLOYMENT_TARGET = 16.4;
				MTL_ENABLE_DEBUG_INFO = NO;
				MTL_FAST_MATH = YES;
				SDKROOT = iphoneos;
				SWIFT_COMPILATION_MODE = wholemodule;
				SWIFT_OPTIMIZATION_LEVEL = "-O";
				VALIDATE_PRODUCT = YES;
			};
			name = Release;
		};
		A20CC5552A39EFA600F669B7 /* Debug */ = {
			isa = XCBuildConfiguration;
			buildSettings = {
				ASSETCATALOG_COMPILER_APPICON_NAME = AppIcon;
				ASSETCATALOG_COMPILER_GLOBAL_ACCENT_COLOR_NAME = AccentColor;
				CODE_SIGN_STYLE = Automatic;
				CURRENT_PROJECT_VERSION = 1;
				DEVELOPMENT_TEAM = CQTJWP89J7;
				GENERATE_INFOPLIST_FILE = YES;
				INFOPLIST_FILE = "Capture-Sample-Swift/Info.plist";
				INFOPLIST_KEY_NSCameraUsageDescription = "Enable camera for the sample";
				INFOPLIST_KEY_UIApplicationSupportsIndirectInputEvents = YES;
				INFOPLIST_KEY_UILaunchStoryboardName = LaunchScreen;
				INFOPLIST_KEY_UIMainStoryboardFile = Main;
				INFOPLIST_KEY_UISupportedInterfaceOrientations_iPad = "UIInterfaceOrientationPortrait UIInterfaceOrientationPortraitUpsideDown UIInterfaceOrientationLandscapeLeft UIInterfaceOrientationLandscapeRight";
				INFOPLIST_KEY_UISupportedInterfaceOrientations_iPhone = "UIInterfaceOrientationPortrait UIInterfaceOrientationLandscapeLeft UIInterfaceOrientationLandscapeRight";
				IPHONEOS_DEPLOYMENT_TARGET = 13.0;
				LD_RUNPATH_SEARCH_PATHS = (
					"$(inherited)",
					"@executable_path/Frameworks",
				);
				MARKETING_VERSION = 1.0;
				PRODUCT_BUNDLE_IDENTIFIER = com.microblink.capture.sample;
				PRODUCT_NAME = "$(TARGET_NAME)";
				SUPPORTED_PLATFORMS = "iphoneos iphonesimulator";
				SUPPORTS_MACCATALYST = NO;
				SUPPORTS_MAC_DESIGNED_FOR_IPHONE_IPAD = NO;
				SWIFT_EMIT_LOC_STRINGS = YES;
				SWIFT_VERSION = 5.0;
				TARGETED_DEVICE_FAMILY = "1,2";
			};
			name = Debug;
		};
		A20CC5562A39EFA600F669B7 /* Release */ = {
			isa = XCBuildConfiguration;
			buildSettings = {
				ASSETCATALOG_COMPILER_APPICON_NAME = AppIcon;
				ASSETCATALOG_COMPILER_GLOBAL_ACCENT_COLOR_NAME = AccentColor;
				CODE_SIGN_STYLE = Automatic;
				CURRENT_PROJECT_VERSION = 1;
				DEVELOPMENT_TEAM = CQTJWP89J7;
				GENERATE_INFOPLIST_FILE = YES;
				INFOPLIST_FILE = "Capture-Sample-Swift/Info.plist";
				INFOPLIST_KEY_NSCameraUsageDescription = "Enable camera for the sample";
				INFOPLIST_KEY_UIApplicationSupportsIndirectInputEvents = YES;
				INFOPLIST_KEY_UILaunchStoryboardName = LaunchScreen;
				INFOPLIST_KEY_UIMainStoryboardFile = Main;
				INFOPLIST_KEY_UISupportedInterfaceOrientations_iPad = "UIInterfaceOrientationPortrait UIInterfaceOrientationPortraitUpsideDown UIInterfaceOrientationLandscapeLeft UIInterfaceOrientationLandscapeRight";
				INFOPLIST_KEY_UISupportedInterfaceOrientations_iPhone = "UIInterfaceOrientationPortrait UIInterfaceOrientationLandscapeLeft UIInterfaceOrientationLandscapeRight";
				IPHONEOS_DEPLOYMENT_TARGET = 13.0;
				LD_RUNPATH_SEARCH_PATHS = (
					"$(inherited)",
					"@executable_path/Frameworks",
				);
				MARKETING_VERSION = 1.0;
				PRODUCT_BUNDLE_IDENTIFIER = com.microblink.capture.sample;
				PRODUCT_NAME = "$(TARGET_NAME)";
				SUPPORTED_PLATFORMS = "iphoneos iphonesimulator";
				SUPPORTS_MACCATALYST = NO;
				SUPPORTS_MAC_DESIGNED_FOR_IPHONE_IPAD = NO;
				SWIFT_EMIT_LOC_STRINGS = YES;
				SWIFT_VERSION = 5.0;
				TARGETED_DEVICE_FAMILY = "1,2";
			};
			name = Release;
		};
/* End XCBuildConfiguration section */

/* Begin XCConfigurationList section */
		A20CC53B2A39EFA500F669B7 /* Build configuration list for PBXProject "Capture-Sample-Swift" */ = {
			isa = XCConfigurationList;
			buildConfigurations = (
				A20CC5522A39EFA600F669B7 /* Debug */,
				A20CC5532A39EFA600F669B7 /* Release */,
			);
			defaultConfigurationIsVisible = 0;
			defaultConfigurationName = Release;
		};
		A20CC5542A39EFA600F669B7 /* Build configuration list for PBXNativeTarget "Capture-Sample-Swift" */ = {
			isa = XCConfigurationList;
			buildConfigurations = (
				A20CC5552A39EFA600F669B7 /* Debug */,
				A20CC5562A39EFA600F669B7 /* Release */,
			);
			defaultConfigurationIsVisible = 0;
			defaultConfigurationName = Release;
		};
/* End XCConfigurationList section */
	};
	rootObject = A20CC5382A39EFA500F669B7 /* Project object */;
}
